
Microsoft Visual Studio Solution File, Format Version 12.00
# Visual Studio Version 17
VisualStudioVersion = 17.0.31912.275
MinimumVisualStudioVersion = 10.0.40219.1
Project("{9A19103F-16F7-4668-BE54-9A1E7A4F7556}") = "SGEMP_Examen_1_Trimestre_Core_UI", "SGEMP_Examen_1_Trimestre_Core_UI\SGEMP_Examen_1_Trimestre_Core_UI.csproj", "{C9FFA516-AF14-4F84-93F4-A5AB0F887DB0}"
EndProject
Project("{FAE04EC0-301F-11D3-BF4B-00C04F79EFBC}") = "SGEMP_Examen_1_Trimestre_Entidades", "SGEMP_Examen_1_Trimestre_Entidades\SGEMP_Examen_1_Trimestre_Entidades.csproj", "{6670FF43-CA44-4B38-ADBA-2E34E41B588D}"
EndProject
Project("{FAE04EC0-301F-11D3-BF4B-00C04F79EFBC}") = "SGEMP_Examen_1_Trimestre_Core_BL", "SGEMP_Examen_1_Trimestre_Core_BL\SGEMP_Examen_1_Trimestre_Core_BL.csproj", "{055C8F64-D8A8-4DFB-AF65-9E3EA701D184}"
EndProject
Project("{FAE04EC0-301F-11D3-BF4B-00C04F79EFBC}") = "SGEMP_Examen_1_Trimestre_DAL", "SGEMP_Examen_1_Trimestre_DAL\SGEMP_Examen_1_Trimestre_DAL.csproj", "{A040649D-B39B-47A0-9DF2-07D89D67938E}"
EndProject
Global
	GlobalSection(SolutionConfigurationPlatforms) = preSolution
		Debug|Any CPU = Debug|Any CPU
		Release|Any CPU = Release|Any CPU
	EndGlobalSection
	GlobalSection(ProjectConfigurationPlatforms) = postSolution
		{C9FFA516-AF14-4F84-93F4-A5AB0F887DB0}.Debug|Any CPU.ActiveCfg = Debug|Any CPU
		{C9FFA516-AF14-4F84-93F4-A5AB0F887DB0}.Debug|Any CPU.Build.0 = Debug|Any CPU
		{C9FFA516-AF14-4F84-93F4-A5AB0F887DB0}.Release|Any CPU.ActiveCfg = Release|Any CPU
		{C9FFA516-AF14-4F84-93F4-A5AB0F887DB0}.Release|Any CPU.Build.0 = Release|Any CPU
		{6670FF43-CA44-4B38-ADBA-2E34E41B588D}.Debug|Any CPU.ActiveCfg = Debug|Any CPU
		{6670FF43-CA44-4B38-ADBA-2E34E41B588D}.Debug|Any CPU.Build.0 = Debug|Any CPU
		{6670FF43-CA44-4B38-ADBA-2E34E41B588D}.Release|Any CPU.ActiveCfg = Release|Any CPU
		{6670FF43-CA44-4B38-ADBA-2E34E41B588D}.Release|Any CPU.Build.0 = Release|Any CPU
		{055C8F64-D8A8-4DFB-AF65-9E3EA701D184}.Debug|Any CPU.ActiveCfg = Debug|Any CPU
		{055C8F64-D8A8-4DFB-AF65-9E3EA701D184}.Debug|Any CPU.Build.0 = Debug|Any CPU
		{055C8F64-D8A8-4DFB-AF65-9E3EA701D184}.Release|Any CPU.ActiveCfg = Release|Any CPU
		{055C8F64-D8A8-4DFB-AF65-9E3EA701D184}.Release|Any CPU.Build.0 = Release|Any CPU
		{A040649D-B39B-47A0-9DF2-07D89D67938E}.Debug|Any CPU.ActiveCfg = Debug|Any CPU
		{A040649D-B39B-47A0-9DF2-07D89D67938E}.Debug|Any CPU.Build.0 = Debug|Any CPU
		{A040649D-B39B-47A0-9DF2-07D89D67938E}.Release|Any CPU.ActiveCfg = Release|Any CPU
		{A040649D-B39B-47A0-9DF2-07D89D67938E}.Release|Any CPU.Build.0 = Release|Any CPU
	EndGlobalSection
	GlobalSection(SolutionProperties) = preSolution
		HideSolutionNode = FALSE
	EndGlobalSection
	GlobalSection(ExtensibilityGlobals) = postSolution
		SolutionGuid = {542F3D1E-04EA-40DF-BEF3-4C2F6D9766A3}
	EndGlobalSection
EndGlobal
